{
  "requires": true,
  "lockfileVersion": 1,
  "dependencies": {
    "element-theme-chalk": {
      "version": "2.4.6",
      "resolved": "http://registry.npm.taobao.org/element-theme-chalk/download/element-theme-chalk-2.4.6.tgz",
      "integrity": "sha1-MnQqpwTwon9bHQxCU+WiK7WFskQ=",
      "dev": true
    }
  }
}
